
Microsoft Visual Studio Solution File, Format Version 12.00
# Visual Studio 2012
# SharpDevelop 5.1
VisualStudioVersion = 12.0.20827.3
MinimumVisualStudioVersion = 10.0.40219.1
Project("{2150E333-8FDC-42A3-9474-1A3956D46DE8}") = "Server", "Server", "{15318AEE-AE59-4CAB-AAF4-C5EDFCDA6F46}"
EndProject
Project("{FAE04EC0-301F-11D3-BF4B-00C04F79EFBC}") = "HackerKonsole.ServerCore", "HackerKonsole.ServerCore\HackerKonsole.ServerCore.csproj", "{C0CDA662-0B31-46E9-A890-FCA80C8D7B8E}"
EndProject
Project("{FAE04EC0-301F-11D3-BF4B-00C04F79EFBC}") = "HackerKonsole.Server.Stealth", "HackerKonsole.Server.Stealth\HackerKonsole.Server.Stealth.csproj", "{900EF232-975F-45CB-B779-66008CE536AA}"
EndProject
Project("{FAE04EC0-301F-11D3-BF4B-00C04F79EFBC}") = "HackerKonsoleServer.Common", "HackerKonsoleServer.Common\HackerKonsoleServer.Common.csproj", "{D222126A-2E47-417E-9B10-BFE253559927}"
EndProject
Project("{2150E333-8FDC-42A3-9474-1A3956D46DE8}") = "Installer", "Installer", "{8B463639-8DA8-4410-9BB4-578F27C92CC2}"
EndProject
Project("{FAE04EC0-301F-11D3-BF4B-00C04F79EFBC}") = "HackerKonsole.StealthInstaller", "HackerKonsole.StealthInstaller\HackerKonsole.StealthInstaller.csproj", "{B8B2F993-2EBF-4CFD-83C8-AC4BF0F47669}"
EndProject
Project("{2150E333-8FDC-42A3-9474-1A3956D46DE8}") = "Controller", "Controller", "{2BB67B22-4D86-4668-B0FC-39F52BE5C5AF}"
EndProject
Project("{FAE04EC0-301F-11D3-BF4B-00C04F79EFBC}") = "HackerKonsole.Controller.GUI", "HackerKonsole.Controller.GUI\HackerKonsole.Controller.GUI.csproj", "{D59A7431-F31D-4921-AD7C-F518E4DD2484}"
EndProject
Project("{FAE04EC0-301F-11D3-BF4B-00C04F79EFBC}") = "HackerKonsole.Controller.CLI", "HackerKonsole.Controller.CLI\HackerKonsole.Controller.CLI.csproj", "{87127811-63A3-44BE-AA22-33FAFDFFB3A1}"
EndProject
Project("{2150E333-8FDC-42A3-9474-1A3956D46DE8}") = "Common", "Common", "{163E732D-4578-4175-8D36-29D71ED51A36}"
EndProject
Global
	GlobalSection(SolutionConfigurationPlatforms) = preSolution
		Debug|Any CPU = Debug|Any CPU
		Release|Any CPU = Release|Any CPU
	EndGlobalSection
	GlobalSection(ProjectConfigurationPlatforms) = postSolution
		{C0CDA662-0B31-46E9-A890-FCA80C8D7B8E}.Debug|Any CPU.ActiveCfg = Debug|Any CPU
		{C0CDA662-0B31-46E9-A890-FCA80C8D7B8E}.Debug|Any CPU.Build.0 = Debug|Any CPU
		{C0CDA662-0B31-46E9-A890-FCA80C8D7B8E}.Release|Any CPU.ActiveCfg = Release|Any CPU
		{C0CDA662-0B31-46E9-A890-FCA80C8D7B8E}.Release|Any CPU.Build.0 = Release|Any CPU
		{900EF232-975F-45CB-B779-66008CE536AA}.Debug|Any CPU.ActiveCfg = Debug|Any CPU
		{900EF232-975F-45CB-B779-66008CE536AA}.Debug|Any CPU.Build.0 = Debug|Any CPU
		{900EF232-975F-45CB-B779-66008CE536AA}.Release|Any CPU.ActiveCfg = Release|Any CPU
		{900EF232-975F-45CB-B779-66008CE536AA}.Release|Any CPU.Build.0 = Release|Any CPU
		{D222126A-2E47-417E-9B10-BFE253559927}.Debug|Any CPU.ActiveCfg = Debug|Any CPU
		{D222126A-2E47-417E-9B10-BFE253559927}.Debug|Any CPU.Build.0 = Debug|Any CPU
		{D222126A-2E47-417E-9B10-BFE253559927}.Release|Any CPU.ActiveCfg = Release|Any CPU
		{D222126A-2E47-417E-9B10-BFE253559927}.Release|Any CPU.Build.0 = Release|Any CPU
		{B8B2F993-2EBF-4CFD-83C8-AC4BF0F47669}.Debug|Any CPU.ActiveCfg = Debug|Any CPU
		{B8B2F993-2EBF-4CFD-83C8-AC4BF0F47669}.Debug|Any CPU.Build.0 = Debug|Any CPU
		{B8B2F993-2EBF-4CFD-83C8-AC4BF0F47669}.Release|Any CPU.ActiveCfg = Release|Any CPU
		{B8B2F993-2EBF-4CFD-83C8-AC4BF0F47669}.Release|Any CPU.Build.0 = Release|Any CPU
		{D59A7431-F31D-4921-AD7C-F518E4DD2484}.Debug|Any CPU.ActiveCfg = Debug|Any CPU
		{D59A7431-F31D-4921-AD7C-F518E4DD2484}.Debug|Any CPU.Build.0 = Debug|Any CPU
		{D59A7431-F31D-4921-AD7C-F518E4DD2484}.Release|Any CPU.ActiveCfg = Release|Any CPU
		{D59A7431-F31D-4921-AD7C-F518E4DD2484}.Release|Any CPU.Build.0 = Release|Any CPU
		{87127811-63A3-44BE-AA22-33FAFDFFB3A1}.Debug|Any CPU.ActiveCfg = Debug|Any CPU
		{87127811-63A3-44BE-AA22-33FAFDFFB3A1}.Debug|Any CPU.Build.0 = Debug|Any CPU
		{87127811-63A3-44BE-AA22-33FAFDFFB3A1}.Release|Any CPU.ActiveCfg = Release|Any CPU
		{87127811-63A3-44BE-AA22-33FAFDFFB3A1}.Release|Any CPU.Build.0 = Release|Any CPU
	EndGlobalSection
	GlobalSection(NestedProjects) = preSolution
		{C0CDA662-0B31-46E9-A890-FCA80C8D7B8E} = {15318AEE-AE59-4CAB-AAF4-C5EDFCDA6F46}
		{900EF232-975F-45CB-B779-66008CE536AA} = {15318AEE-AE59-4CAB-AAF4-C5EDFCDA6F46}
		{D222126A-2E47-417E-9B10-BFE253559927} = {15318AEE-AE59-4CAB-AAF4-C5EDFCDA6F46}
		{B8B2F993-2EBF-4CFD-83C8-AC4BF0F47669} = {8B463639-8DA8-4410-9BB4-578F27C92CC2}
		{D59A7431-F31D-4921-AD7C-F518E4DD2484} = {2BB67B22-4D86-4668-B0FC-39F52BE5C5AF}
		{87127811-63A3-44BE-AA22-33FAFDFFB3A1} = {2BB67B22-4D86-4668-B0FC-39F52BE5C5AF}
	EndGlobalSection
EndGlobal
